
Microsoft Visual Studio Solution File, Format Version 12.00
Project("{2150E333-8FDC-42A3-9474-1A3956D46DE8}") = "StockTracker", "StockTracker", "{5E20A1F3-A38A-429A-9C4C-75E94E5EB3BB}"
EndProject
Project("{2150E333-8FDC-42A3-9474-1A3956D46DE8}") = "TradeStream", "TradeStream", "{B175E59B-B651-4EA4-8D23-8E52E3442598}"
EndProject
Project("{2150E333-8FDC-42A3-9474-1A3956D46DE8}") = "Webhook", "Webhook", "{E8206FD5-E340-4849-AF22-2D20EBC15FD4}"
EndProject
Project("{FAE04EC0-301F-11D3-BF4B-00C04F79EFBC}") = "StockTracker.API", "src\StockTracker\StockTracker.API\StockTracker.API.csproj", "{586E7421-057F-41C0-8236-A7782F15065C}"
EndProject
Project("{FAE04EC0-301F-11D3-BF4B-00C04F79EFBC}") = "StockTracker.Application", "src\StockTracker\StockTracker.Application\StockTracker.Application.csproj", "{CD3A97D5-EBD3-407D-AB0C-085F15EBC786}"
EndProject
Project("{FAE04EC0-301F-11D3-BF4B-00C04F79EFBC}") = "StockTracker.Domain", "src\StockTracker\StockTracker.Domain\StockTracker.Domain.csproj", "{49A0BA2A-F66F-4529-A141-E3133D95BC2B}"
EndProject
Project("{FAE04EC0-301F-11D3-BF4B-00C04F79EFBC}") = "StockTracker.Infrastructure", "src\StockTracker\StockTracker.Infrastructure\StockTracker.Infrastructure.csproj", "{8ECBEDBA-F3D1-4F4D-AAF4-CCFFEEB15F98}"
EndProject
Project("{FAE04EC0-301F-11D3-BF4B-00C04F79EFBC}") = "TradeStream.API", "src\TradeStream\TradeStream.API\TradeStream.API.csproj", "{93C5D9EF-8BB2-40D7-917E-A82499EEA04A}"
EndProject
Project("{FAE04EC0-301F-11D3-BF4B-00C04F79EFBC}") = "TradeStream.Application", "src\TradeStream\TradeStream.Application\TradeStream.Application.csproj", "{DE0FDD2D-A5A2-4C20-8A55-36070B3D2FB5}"
EndProject
Project("{FAE04EC0-301F-11D3-BF4B-00C04F79EFBC}") = "TradeStream.Domain", "src\TradeStream\TradeStream.Domain\TradeStream.Domain.csproj", "{2F5D4894-097D-4926-8DA3-CE2D1736087A}"
EndProject
Project("{FAE04EC0-301F-11D3-BF4B-00C04F79EFBC}") = "TradeStream.Infrastructure", "src\TradeStream\TradeStream.Infrastructure\TradeStream.Infrastructure.csproj", "{858F7C09-BC65-45BE-A589-F8FA19668E94}"
EndProject
Project("{FAE04EC0-301F-11D3-BF4B-00C04F79EFBC}") = "StockTracker.Tests", "src\StockTracker\StockTracker.Tests\StockTracker.Tests.csproj", "{FD9A75E3-9CB9-47C4-A960-3F3D17A2C242}"
EndProject
Project("{FAE04EC0-301F-11D3-BF4B-00C04F79EFBC}") = "TradeStream.Tests", "src\TradeStream\TradeStream.Tests\TradeStream.Tests.csproj", "{0428C737-1EE8-4CD4-AD4A-55AA5D347CCB}"
EndProject
Project("{FAE04EC0-301F-11D3-BF4B-00C04F79EFBC}") = "WebhookSendAlerts.Console", "src\Webhook\WebhookSendAlerts.Console\WebhookSendAlerts.Console.csproj", "{7839B0A0-9D69-4FBF-9C46-DCD93E3A0283}"
EndProject
Global
	GlobalSection(SolutionConfigurationPlatforms) = preSolution
		Debug|Any CPU = Debug|Any CPU
		Release|Any CPU = Release|Any CPU
	EndGlobalSection
	GlobalSection(NestedProjects) = preSolution
		{586E7421-057F-41C0-8236-A7782F15065C} = {5E20A1F3-A38A-429A-9C4C-75E94E5EB3BB}
		{CD3A97D5-EBD3-407D-AB0C-085F15EBC786} = {5E20A1F3-A38A-429A-9C4C-75E94E5EB3BB}
		{49A0BA2A-F66F-4529-A141-E3133D95BC2B} = {5E20A1F3-A38A-429A-9C4C-75E94E5EB3BB}
		{8ECBEDBA-F3D1-4F4D-AAF4-CCFFEEB15F98} = {5E20A1F3-A38A-429A-9C4C-75E94E5EB3BB}
		{93C5D9EF-8BB2-40D7-917E-A82499EEA04A} = {B175E59B-B651-4EA4-8D23-8E52E3442598}
		{DE0FDD2D-A5A2-4C20-8A55-36070B3D2FB5} = {B175E59B-B651-4EA4-8D23-8E52E3442598}
		{2F5D4894-097D-4926-8DA3-CE2D1736087A} = {B175E59B-B651-4EA4-8D23-8E52E3442598}
		{858F7C09-BC65-45BE-A589-F8FA19668E94} = {B175E59B-B651-4EA4-8D23-8E52E3442598}
		{FD9A75E3-9CB9-47C4-A960-3F3D17A2C242} = {5E20A1F3-A38A-429A-9C4C-75E94E5EB3BB}
		{0428C737-1EE8-4CD4-AD4A-55AA5D347CCB} = {B175E59B-B651-4EA4-8D23-8E52E3442598}
		{7839B0A0-9D69-4FBF-9C46-DCD93E3A0283} = {E8206FD5-E340-4849-AF22-2D20EBC15FD4}
	EndGlobalSection
	GlobalSection(ProjectConfigurationPlatforms) = postSolution
		{586E7421-057F-41C0-8236-A7782F15065C}.Debug|Any CPU.ActiveCfg = Debug|Any CPU
		{586E7421-057F-41C0-8236-A7782F15065C}.Debug|Any CPU.Build.0 = Debug|Any CPU
		{586E7421-057F-41C0-8236-A7782F15065C}.Release|Any CPU.ActiveCfg = Release|Any CPU
		{586E7421-057F-41C0-8236-A7782F15065C}.Release|Any CPU.Build.0 = Release|Any CPU
		{CD3A97D5-EBD3-407D-AB0C-085F15EBC786}.Debug|Any CPU.ActiveCfg = Debug|Any CPU
		{CD3A97D5-EBD3-407D-AB0C-085F15EBC786}.Debug|Any CPU.Build.0 = Debug|Any CPU
		{CD3A97D5-EBD3-407D-AB0C-085F15EBC786}.Release|Any CPU.ActiveCfg = Release|Any CPU
		{CD3A97D5-EBD3-407D-AB0C-085F15EBC786}.Release|Any CPU.Build.0 = Release|Any CPU
		{49A0BA2A-F66F-4529-A141-E3133D95BC2B}.Debug|Any CPU.ActiveCfg = Debug|Any CPU
		{49A0BA2A-F66F-4529-A141-E3133D95BC2B}.Debug|Any CPU.Build.0 = Debug|Any CPU
		{49A0BA2A-F66F-4529-A141-E3133D95BC2B}.Release|Any CPU.ActiveCfg = Release|Any CPU
		{49A0BA2A-F66F-4529-A141-E3133D95BC2B}.Release|Any CPU.Build.0 = Release|Any CPU
		{8ECBEDBA-F3D1-4F4D-AAF4-CCFFEEB15F98}.Debug|Any CPU.ActiveCfg = Debug|Any CPU
		{8ECBEDBA-F3D1-4F4D-AAF4-CCFFEEB15F98}.Debug|Any CPU.Build.0 = Debug|Any CPU
		{8ECBEDBA-F3D1-4F4D-AAF4-CCFFEEB15F98}.Release|Any CPU.ActiveCfg = Release|Any CPU
		{8ECBEDBA-F3D1-4F4D-AAF4-CCFFEEB15F98}.Release|Any CPU.Build.0 = Release|Any CPU
		{93C5D9EF-8BB2-40D7-917E-A82499EEA04A}.Debug|Any CPU.ActiveCfg = Debug|Any CPU
		{93C5D9EF-8BB2-40D7-917E-A82499EEA04A}.Debug|Any CPU.Build.0 = Debug|Any CPU
		{93C5D9EF-8BB2-40D7-917E-A82499EEA04A}.Release|Any CPU.ActiveCfg = Release|Any CPU
		{93C5D9EF-8BB2-40D7-917E-A82499EEA04A}.Release|Any CPU.Build.0 = Release|Any CPU
		{DE0FDD2D-A5A2-4C20-8A55-36070B3D2FB5}.Debug|Any CPU.ActiveCfg = Debug|Any CPU
		{DE0FDD2D-A5A2-4C20-8A55-36070B3D2FB5}.Debug|Any CPU.Build.0 = Debug|Any CPU
		{DE0FDD2D-A5A2-4C20-8A55-36070B3D2FB5}.Release|Any CPU.ActiveCfg = Release|Any CPU
		{DE0FDD2D-A5A2-4C20-8A55-36070B3D2FB5}.Release|Any CPU.Build.0 = Release|Any CPU
		{2F5D4894-097D-4926-8DA3-CE2D1736087A}.Debug|Any CPU.ActiveCfg = Debug|Any CPU
		{2F5D4894-097D-4926-8DA3-CE2D1736087A}.Debug|Any CPU.Build.0 = Debug|Any CPU
		{2F5D4894-097D-4926-8DA3-CE2D1736087A}.Release|Any CPU.ActiveCfg = Release|Any CPU
		{2F5D4894-097D-4926-8DA3-CE2D1736087A}.Release|Any CPU.Build.0 = Release|Any CPU
		{858F7C09-BC65-45BE-A589-F8FA19668E94}.Debug|Any CPU.ActiveCfg = Debug|Any CPU
		{858F7C09-BC65-45BE-A589-F8FA19668E94}.Debug|Any CPU.Build.0 = Debug|Any CPU
		{858F7C09-BC65-45BE-A589-F8FA19668E94}.Release|Any CPU.ActiveCfg = Release|Any CPU
		{858F7C09-BC65-45BE-A589-F8FA19668E94}.Release|Any CPU.Build.0 = Release|Any CPU
		{FD9A75E3-9CB9-47C4-A960-3F3D17A2C242}.Debug|Any CPU.ActiveCfg = Debug|Any CPU
		{FD9A75E3-9CB9-47C4-A960-3F3D17A2C242}.Debug|Any CPU.Build.0 = Debug|Any CPU
		{FD9A75E3-9CB9-47C4-A960-3F3D17A2C242}.Release|Any CPU.ActiveCfg = Release|Any CPU
		{FD9A75E3-9CB9-47C4-A960-3F3D17A2C242}.Release|Any CPU.Build.0 = Release|Any CPU
		{0428C737-1EE8-4CD4-AD4A-55AA5D347CCB}.Debug|Any CPU.ActiveCfg = Debug|Any CPU
		{0428C737-1EE8-4CD4-AD4A-55AA5D347CCB}.Debug|Any CPU.Build.0 = Debug|Any CPU
		{0428C737-1EE8-4CD4-AD4A-55AA5D347CCB}.Release|Any CPU.ActiveCfg = Release|Any CPU
		{0428C737-1EE8-4CD4-AD4A-55AA5D347CCB}.Release|Any CPU.Build.0 = Release|Any CPU
		{7839B0A0-9D69-4FBF-9C46-DCD93E3A0283}.Debug|Any CPU.ActiveCfg = Debug|Any CPU
		{7839B0A0-9D69-4FBF-9C46-DCD93E3A0283}.Debug|Any CPU.Build.0 = Debug|Any CPU
		{7839B0A0-9D69-4FBF-9C46-DCD93E3A0283}.Release|Any CPU.ActiveCfg = Release|Any CPU
		{7839B0A0-9D69-4FBF-9C46-DCD93E3A0283}.Release|Any CPU.Build.0 = Release|Any CPU
	EndGlobalSection
EndGlobal
